
Microsoft Visual Studio Solution File, Format Version 12.00
# Visual Studio 2012
Project("{F2A71F9B-5D33-465A-A702-920D77279786}") = "FSharp.Data.Experimental", "src\FSharp.Data.Experimental.fsproj", "{475244BA-E1B2-4719-9658-C204B818E43E}"
EndProject
Global
	GlobalSection(SolutionConfigurationPlatforms) = preSolution
		Debug|Any CPU = Debug|Any CPU
		Release|Any CPU = Release|Any CPU
	EndGlobalSection
	GlobalSection(ProjectConfigurationPlatforms) = postSolution
		{475244BA-E1B2-4719-9658-C204B818E43E}.Debug|Any CPU.ActiveCfg = Debug|Any CPU
		{475244BA-E1B2-4719-9658-C204B818E43E}.Debug|Any CPU.Build.0 = Debug|Any CPU
		{475244BA-E1B2-4719-9658-C204B818E43E}.Release|Any CPU.ActiveCfg = Release|Any CPU
		{475244BA-E1B2-4719-9658-C204B818E43E}.Release|Any CPU.Build.0 = Release|Any CPU
	EndGlobalSection
	GlobalSection(SolutionProperties) = preSolution
		HideSolutionNode = FALSE
	EndGlobalSection
EndGlobal
